<?xml version="1.0" encoding="utf-8"?>
<Project ToolsVersion="4.0" xmlns:atg="http://atg.xbox.com" xmlns="http://schemas.microsoft.com/developer/msbuild/2003">
  <ItemGroup>
    <Filter Include="Resource Files">
      <UniqueIdentifier>{8e114980-c1a3-4ada-ad7c-83caadf5daeb}</UniqueIdentifier>
      <Extensions>rc;ico;cur;bmp;dlg;rc2;rct;bin;rgs;gif;jpg;jpeg;jpe</Extensions>
    </Filter>
    <Filter Include="Shaders">
      <UniqueIdentifier>{2c3d4c8c-5d1a-459a-a05a-a4e4b608a44e}</UniqueIdentifier>
      <Extensions>fx;fxh;hlsl</Extensions>
    </Filter>
    <Filter Include="Resource Files\Textures">
      <UniqueIdentifier>{84a4d56f-682d-4b12-a7c9-064cc08bce09}</UniqueIdentifier>
    </Filter>
    <Filter Include="Camera">
      <UniqueIdentifier>{e337e310-126b-4a23-9e31-9ae6bd00f15d}</UniqueIdentifier>
    </Filter>
    <Filter Include="Debug">
      <UniqueIdentifier>{bb8d1c54-3df0-4fb6-aa25-9bdc2a375058}</UniqueIdentifier>
    </Filter>
    <Filter Include="Transform">
      <UniqueIdentifier>{2db7a6df-5676-455e-b4d6-4c4e2981d6a2}</UniqueIdentifier>
    </Filter>
    <Filter Include="GameObject">
      <UniqueIdentifier>{0b1da00e-0937-49e1-803a-dd6fe0fcf9b1}</UniqueIdentifier>
    </Filter>
    <Filter Include="Appearance">
      <UniqueIdentifier>{c823878c-318c-4fb4-8207-c7d40c66ca82}</UniqueIdentifier>
    </Filter>
    <Filter Include="ParticleModel">
      <UniqueIdentifier>{a3f79d39-42a4-4694-aa01-9d9b6f02aa79}</UniqueIdentifier>
    </Filter>
    <Filter Include="Application">
      <UniqueIdentifier>{9fca7ede-bf3f-4996-bad7-1cb8c22b64d6}</UniqueIdentifier>
    </Filter>
    <Filter Include="Object Loader">
      <UniqueIdentifier>{5c2957e4-3b9a-499d-bc1e-3a3b9624232d}</UniqueIdentifier>
    </Filter>
    <Filter Include="Stuctures">
      <UniqueIdentifier>{0b44a54e-ce14-40eb-b9f2-8f975a1e2553}</UniqueIdentifier>
    </Filter>
    <Filter Include="Vector3D">
      <UniqueIdentifier>{e676d704-9959-42f0-b269-5f77640b7a39}</UniqueIdentifier>
    </Filter>
    <Filter Include="Main">
      <UniqueIdentifier>{17f03304-4599-4e05-b26d-e53f52454cc7}</UniqueIdentifier>
    </Filter>
    <Filter Include="DDSTextureLoader">
      <UniqueIdentifier>{729b9af8-4c08-410f-8e88-ab9471ded47f}</UniqueIdentifier>
    </Filter>
  </ItemGroup>
  <ItemGroup>
    <ClInclude Include="Camera.h">
      <Filter>Camera</Filter>
    </ClInclude>
    <ClInclude Include="Debug.h">
      <Filter>Debug</Filter>
    </ClInclude>
    <ClInclude Include="Transform.h">
      <Filter>Transform</Filter>
    </ClInclude>
    <ClInclude Include="GameObject.h">
      <Filter>GameObject</Filter>
    </ClInclude>
    <ClInclude Include="Appearance.h">
      <Filter>Appearance</Filter>
    </ClInclude>
    <ClInclude Include="ParticleModel.h">
      <Filter>ParticleModel</Filter>
    </ClInclude>
    <ClInclude Include="Application.h">
      <Filter>Application</Filter>
    </ClInclude>
    <ClInclude Include="OBJLoader.h">
      <Filter>Object Loader</Filter>
    </ClInclude>
    <ClInclude Include="Structures.h">
      <Filter>Stuctures</Filter>
    </ClInclude>
    <ClInclude Include="DDSTextureLoader.h">
      <Filter>DDSTextureLoader</Filter>
    </ClInclude>
    <ClInclude Include="ParticleSystem.h" />
  </ItemGroup>
  <ItemGroup>
    <ClCompile Include="Main.cpp" />
    <ClCompile Include="Camera.cpp">
      <Filter>Camera</Filter>
    </ClCompile>
    <ClCompile Include="Debug.cpp">
      <Filter>Debug</Filter>
    </ClCompile>
    <ClCompile Include="Transform.cpp">
      <Filter>Transform</Filter>
    </ClCompile>
    <ClCompile Include="GameObject.cpp">
      <Filter>GameObject</Filter>
    </ClCompile>
    <ClCompile Include="Appearance.cpp">
      <Filter>Appearance</Filter>
    </ClCompile>
    <ClCompile Include="ParticleModel.cpp">
      <Filter>ParticleModel</Filter>
    </ClCompile>
    <ClCompile Include="Application.cpp">
      <Filter>Application</Filter>
    </ClCompile>
    <ClCompile Include="OBJLoader.cpp">
      <Filter>Object Loader</Filter>
    </ClCompile>
    <ClCompile Include="Vector3d.cpp">
      <Filter>Vector3D</Filter>
    </ClCompile>
    <ClCompile Include="DDSTextureLoader.cpp">
      <Filter>DDSTextureLoader</Filter>
    </ClCompile>
    <ClCompile Include="ParticleSystem.cpp" />
  </ItemGroup>
  <ItemGroup>
    <CLInclude Include="resource.h">
      <Filter>Resource Files</Filter>
    </CLInclude>
  </ItemGroup>
  <ItemGroup>
    <ResourceCompile Include="DX11 Framework.rc">
      <Filter>Resource Files</Filter>
    </ResourceCompile>
  </ItemGroup>
  <ItemGroup>
    <FxCompile Include="DX11 Framework.fx">
      <Filter>Shaders</Filter>
    </FxCompile>
  </ItemGroup>
  <ItemGroup>
    <Image Include="Resources\floor.dds">
      <Filter>Resource Files\Textures</Filter>
    </Image>
    <Image Include="Resources\stone.dds">
      <Filter>Resource Files\Textures</Filter>
    </Image>
  </ItemGroup>
  <ItemGroup>
    <None Include="ClassDiagram.cd" />
  </ItemGroup>
</Project>